// !$*UTF8*$!
{
	archiveVersion = 1;
	classes = {
	};
	objectVersion = 50;
	objects = {

/* Begin PBXBuildFile section */
		294391A42340993A003D6123 /* AppDelegate.swift in Sources */ = {isa = PBXBuildFile; fileRef = 294391A32340993A003D6123 /* AppDelegate.swift */; };
		294391A62340993A003D6123 /* MemeEditorViewController.swift in Sources */ = {isa = PBXBuildFile; fileRef = 294391A52340993A003D6123 /* MemeEditorViewController.swift */; };
		294391A92340993A003D6123 /* Main.storyboard in Resources */ = {isa = PBXBuildFile; fileRef = 294391A72340993A003D6123 /* Main.storyboard */; };
		294391AB2340993B003D6123 /* Assets.xcassets in Resources */ = {isa = PBXBuildFile; fileRef = 294391AA2340993B003D6123 /* Assets.xcassets */; };
		294391AE2340993B003D6123 /* LaunchScreen.storyboard in Resources */ = {isa = PBXBuildFile; fileRef = 294391AC2340993B003D6123 /* LaunchScreen.storyboard */; };
		294391B92340993B003D6123 /* memeMeTests.swift in Sources */ = {isa = PBXBuildFile; fileRef = 294391B82340993B003D6123 /* memeMeTests.swift */; };
		294391C42340993C003D6123 /* memeMeUITests.swift in Sources */ = {isa = PBXBuildFile; fileRef = 294391C32340993C003D6123 /* memeMeUITests.swift */; };
		296DCC4D234FD0DE00FFF313 /* Memes.swift in Sources */ = {isa = PBXBuildFile; fileRef = 296DCC4C234FD0DE00FFF313 /* Memes.swift */; };
		296DCC4F234FD4DF00FFF313 /* CollectionViewController.swift in Sources */ = {isa = PBXBuildFile; fileRef = 296DCC4E234FD4DF00FFF313 /* CollectionViewController.swift */; };
		296DCC51234FD82300FFF313 /* ImageViewController.swift in Sources */ = {isa = PBXBuildFile; fileRef = 296DCC50234FD82300FFF313 /* ImageViewController.swift */; };
		296DCC53234FD9D300FFF313 /* CollectionViewCell.swift in Sources */ = {isa = PBXBuildFile; fileRef = 296DCC52234FD9D300FFF313 /* CollectionViewCell.swift */; };
		296DCC55234FF60100FFF313 /* SentTableViewController.swift in Sources */ = {isa = PBXBuildFile; fileRef = 296DCC54234FF60100FFF313 /* SentTableViewController.swift */; };
/* End PBXBuildFile section */

/* Begin PBXContainerItemProxy section */
		294391B52340993B003D6123 /* PBXContainerItemProxy */ = {
			isa = PBXContainerItemProxy;
			containerPortal = 294391982340993A003D6123 /* Project object */;
			proxyType = 1;
			remoteGlobalIDString = 2943919F2340993A003D6123;
			remoteInfo = memeMe;
		};
		294391C02340993C003D6123 /* PBXContainerItemProxy */ = {
			isa = PBXContainerItemProxy;
			containerPortal = 294391982340993A003D6123 /* Project object */;
			proxyType = 1;
			remoteGlobalIDString = 2943919F2340993A003D6123;
			remoteInfo = memeMe;
		};
/* End PBXContainerItemProxy section */

/* Begin PBXFileReference section */
		294391A02340993A003D6123 /* memeMe.app */ = {isa = PBXFileReference; explicitFileType = wrapper.application; includeInIndex = 0; path = memeMe.app; sourceTree = BUILT_PRODUCTS_DIR; };
		294391A32340993A003D6123 /* AppDelegate.swift */ = {isa = PBXFileReference; lastKnownFileType = sourcecode.swift; path = AppDelegate.swift; sourceTree = "<group>"; };
		294391A52340993A003D6123 /* MemeEditorViewController.swift */ = {isa = PBXFileReference; lastKnownFileType = sourcecode.swift; path = MemeEditorViewController.swift; sourceTree = "<group>"; };
		294391A82340993A003D6123 /* Base */ = {isa = PBXFileReference; lastKnownFileType = file.storyboard; name = Base; path = Base.lproj/Main.storyboard; sourceTree = "<group>"; };
		294391AA2340993B003D6123 /* Assets.xcassets */ = {isa = PBXFileReference; lastKnownFileType = folder.assetcatalog; path = Assets.xcassets; sourceTree = "<group>"; };
		294391AD2340993B003D6123 /* Base */ = {isa = PBXFileReference; lastKnownFileType = file.storyboard; name = Base; path = Base.lproj/LaunchScreen.storyboard; sourceTree = "<group>"; };
		294391AF2340993B003D6123 /* Info.plist */ = {isa = PBXFileReference; lastKnownFileType = text.plist.xml; path = Info.plist; sourceTree = "<group>"; };
		294391B42340993B003D6123 /* memeMeTests.xctest */ = {isa = PBXFileReference; explicitFileType = wrapper.cfbundle; includeInIndex = 0; path = memeMeTests.xctest; sourceTree = BUILT_PRODUCTS_DIR; };
		294391B82340993B003D6123 /* memeMeTests.swift */ = {isa = PBXFileReference; lastKnownFileType = sourcecode.swift; path = memeMeTests.swift; sourceTree = "<group>"; };
		294391BA2340993B003D6123 /* Info.plist */ = {isa = PBXFileReference; lastKnownFileType = text.plist.xml; path = Info.plist; sourceTree = "<group>"; };
		294391BF2340993C003D6123 /* memeMeUITests.xctest */ = {isa = PBXFileReference; explicitFileType = wrapper.cfbundle; includeInIndex = 0; path = memeMeUITests.xctest; sourceTree = BUILT_PRODUCTS_DIR; };
		294391C32340993C003D6123 /* memeMeUITests.swift */ = {isa = PBXFileReference; lastKnownFileType = sourcecode.swift; path = memeMeUITests.swift; sourceTree = "<group>"; };
		294391C52340993C003D6123 /* Info.plist */ = {isa = PBXFileReference; lastKnownFileType = text.plist.xml; path = Info.plist; sourceTree = "<group>"; };
		296DCC4C234FD0DE00FFF313 /* Memes.swift */ = {isa = PBXFileReference; lastKnownFileType = sourcecode.swift; path = Memes.swift; sourceTree = "<group>"; };
		296DCC4E234FD4DF00FFF313 /* CollectionViewController.swift */ = {isa = PBXFileReference; lastKnownFileType = sourcecode.swift; path = CollectionViewController.swift; sourceTree = "<group>"; };
		296DCC50234FD82300FFF313 /* ImageViewController.swift */ = {isa = PBXFileReference; lastKnownFileType = sourcecode.swift; path = ImageViewController.swift; sourceTree = "<group>"; };
		296DCC52234FD9D300FFF313 /* CollectionViewCell.swift */ = {isa = PBXFileReference; lastKnownFileType = sourcecode.swift; path = CollectionViewCell.swift; sourceTree = "<group>"; };
		296DCC54234FF60100FFF313 /* SentTableViewController.swift */ = {isa = PBXFileReference; lastKnownFileType = sourcecode.swift; path = SentTableViewController.swift; sourceTree = "<group>"; };
/* End PBXFileReference section */

/* Begin PBXFrameworksBuildPhase section */
		2943919D2340993A003D6123 /* Frameworks */ = {
			isa = PBXFrameworksBuildPhase;
			buildActionMask = 2147483647;
			files = (
			);
			runOnlyForDeploymentPostprocessing = 0;
		};
		294391B12340993B003D6123 /* Frameworks */ = {
			isa = PBXFrameworksBuildPhase;
			buildActionMask = 2147483647;
			files = (
			);
			runOnlyForDeploymentPostprocessing = 0;
		};
		294391BC2340993C003D6123 /* Frameworks */ = {
			isa = PBXFrameworksBuildPhase;
			buildActionMask = 2147483647;
			files = (
			);
			runOnlyForDeploymentPostprocessing = 0;
		};
/* End PBXFrameworksBuildPhase section */

/* Begin PBXGroup section */
		294391972340993A003D6123 = {
			isa = PBXGroup;
			children = (
				294391A22340993A003D6123 /* memeMe */,
				294391B72340993B003D6123 /* memeMeTests */,
				294391C22340993C003D6123 /* memeMeUITests */,
				294391A12340993A003D6123 /* Products */,
			);
			sourceTree = "<group>";
		};
		294391A12340993A003D6123 /* Products */ = {
			isa = PBXGroup;
			children = (
				294391A02340993A003D6123 /* memeMe.app */,
				294391B42340993B003D6123 /* memeMeTests.xctest */,
				294391BF2340993C003D6123 /* memeMeUITests.xctest */,
			);
			name = Products;
			sourceTree = "<group>";
		};
		294391A22340993A003D6123 /* memeMe */ = {
			isa = PBXGroup;
			children = (
				294391A32340993A003D6123 /* AppDelegate.swift */,
				296DCC4C234FD0DE00FFF313 /* Memes.swift */,
				294391A52340993A003D6123 /* MemeEditorViewController.swift */,
				296DCC52234FD9D300FFF313 /* CollectionViewCell.swift */,
				296DCC4E234FD4DF00FFF313 /* CollectionViewController.swift */,
				296DCC50234FD82300FFF313 /* ImageViewController.swift */,
				296DCC54234FF60100FFF313 /* SentTableViewController.swift */,
				294391A72340993A003D6123 /* Main.storyboard */,
				294391AA2340993B003D6123 /* Assets.xcassets */,
				294391AC2340993B003D6123 /* LaunchScreen.storyboard */,
				294391AF2340993B003D6123 /* Info.plist */,
			);
			path = memeMe;
			sourceTree = "<group>";
		};
		294391B72340993B003D6123 /* memeMeTests */ = {
			isa = PBXGroup;
			children = (
				294391B82340993B003D6123 /* memeMeTests.swift */,
				294391BA2340993B003D6123 /* Info.plist */,
			);
			path = memeMeTests;
			sourceTree = "<group>";
		};
		294391C22340993C003D6123 /* memeMeUITests */ = {
			isa = PBXGroup;
			children = (
				294391C32340993C003D6123 /* memeMeUITests.swift */,
				294391C52340993C003D6123 /* Info.plist */,
			);
			path = memeMeUITests;
			sourceTree = "<group>";
		};
/* End PBXGroup section */

/* Begin PBXNativeTarget section */
		2943919F2340993A003D6123 /* memeMe */ = {
			isa = PBXNativeTarget;
			buildConfigurationList = 294391C82340993C003D6123 /* Build configuration list for PBXNativeTarget "memeMe" */;
			buildPhases = (
				2943919C2340993A003D6123 /* Sources */,
				2943919D2340993A003D6123 /* Frameworks */,
				2943919E2340993A003D6123 /* Resources */,
			);
			buildRules = (
			);
			dependencies = (
			);
			name = memeMe;
			productName = memeMe;
			productReference = 294391A02340993A003D6123 /* memeMe.app */;
			productType = "com.apple.product-type.application";
		};
		294391B32340993B003D6123 /* memeMeTests */ = {
			isa = PBXNativeTarget;
			buildConfigurationList = 294391CB2340993C003D6123 /* Build configuration list for PBXNativeTarget "memeMeTests" */;
			buildPhases = (
				294391B02340993B003D6123 /* Sources */,
				294391B12340993B003D6123 /* Frameworks */,
				294391B22340993B003D6123 /* Resources */,
			);
			buildRules = (
			);
			dependencies = (
				294391B62340993B003D6123 /* PBXTargetDependency */,
			);
			name = memeMeTests;
			productName = memeMeTests;
			productReference = 294391B42340993B003D6123 /* memeMeTests.xctest */;
			productType = "com.apple.product-type.bundle.unit-test";
		};
		294391BE2340993C003D6123 /* memeMeUITests */ = {
			isa = PBXNativeTarget;
			buildConfigurationList = 294391CE2340993C003D6123 /* Build configuration list for PBXNativeTarget "memeMeUITests" */;
			buildPhases = (
				294391BB2340993C003D6123 /* Sources */,
				294391BC2340993C003D6123 /* Frameworks */,
				294391BD2340993C003D6123 /* Resources */,
			);
			buildRules = (
			);
			dependencies = (
				294391C12340993C003D6123 /* PBXTargetDependency */,
			);
			name = memeMeUITests;
			productName = memeMeUITests;
			productReference = 294391BF2340993C003D6123 /* memeMeUITests.xctest */;
			productType = "com.apple.product-type.bundle.ui-testing";
		};
/* End PBXNativeTarget section */

/* Begin PBXProject section */
		294391982340993A003D6123 /* Project object */ = {
			isa = PBXProject;
			attributes = {
				LastSwiftUpdateCheck = 1020;
				LastUpgradeCheck = 1020;
				ORGANIZATIONNAME = "Rawdhah alshaqaq";
				TargetAttributes = {
					2943919F2340993A003D6123 = {
						CreatedOnToolsVersion = 10.2;
					};
					294391B32340993B003D6123 = {
						CreatedOnToolsVersion = 10.2;
						TestTargetID = 2943919F2340993A003D6123;
					};
					294391BE2340993C003D6123 = {
						CreatedOnToolsVersion = 10.2;
						TestTargetID = 2943919F2340993A003D6123;
					};
				};
			};
			buildConfigurationList = 2943919B2340993A003D6123 /* Build configuration list for PBXProject "memeMe" */;
			compatibilityVersion = "Xcode 9.3";
			developmentRegion = en;
			hasScannedForEncodings = 0;
			knownRegions = (
				en,
				Base,
			);
			mainGroup = 294391972340993A003D6123;
			productRefGroup = 294391A12340993A003D6123 /* Products */;
			projectDirPath = "";
			projectRoot = "";
			targets = (
				2943919F2340993A003D6123 /* memeMe */,
				294391B32340993B003D6123 /* memeMeTests */,
				294391BE2340993C003D6123 /* memeMeUITests */,
			);
		};
/* End PBXProject section */

/* Begin PBXResourcesBuildPhase section */
		2943919E2340993A003D6123 /* Resources */ = {
			isa = PBXResourcesBuildPhase;
			buildActionMask = 2147483647;
			files = (
				294391AE2340993B003D6123 /* LaunchScreen.storyboard in Resources */,
				294391AB2340993B003D6123 /* Assets.xcassets in Resources */,
				294391A92340993A003D6123 /* Main.storyboard in Resources */,
			);
			runOnlyForDeploymentPostprocessing = 0;
		};
		294391B22340993B003D6123 /* Resources */ = {
			isa = PBXResourcesBuildPhase;
			buildActionMask = 2147483647;
			files = (
			);
			runOnlyForDeploymentPostprocessing = 0;
		};
		294391BD2340993C003D6123 /* Resources */ = {
			isa = PBXResourcesBuildPhase;
			buildActionMask = 2147483647;
			files = (
			);
			runOnlyForDeploymentPostprocessing = 0;
		};
/* End PBXResourcesBuildPhase section */

/* Begin PBXSourcesBuildPhase section */
		2943919C2340993A003D6123 /* Sources */ = {
			isa = PBXSourcesBuildPhase;
			buildActionMask = 2147483647;
			files = (
				296DCC4F234FD4DF00FFF313 /* CollectionViewController.swift in Sources */,
				294391A62340993A003D6123 /* MemeEditorViewController.swift in Sources */,
				296DCC53234FD9D300FFF313 /* CollectionViewCell.swift in Sources */,
				296DCC55234FF60100FFF313 /* SentTableViewController.swift in Sources */,
				296DCC51234FD82300FFF313 /* ImageViewController.swift in Sources */,
				296DCC4D234FD0DE00FFF313 /* Memes.swift in Sources */,
				294391A42340993A003D6123 /* AppDelegate.swift in Sources */,
			);
			runOnlyForDeploymentPostprocessing = 0;
		};
		294391B02340993B003D6123 /* Sources */ = {
			isa = PBXSourcesBuildPhase;
			buildActionMask = 2147483647;
			files = (
				294391B92340993B003D6123 /* memeMeTests.swift in Sources */,
			);
			runOnlyForDeploymentPostprocessing = 0;
		};
		294391BB2340993C003D6123 /* Sources */ = {
			isa = PBXSourcesBuildPhase;
			buildActionMask = 2147483647;
			files = (
				294391C42340993C003D6123 /* memeMeUITests.swift in Sources */,
			);
			runOnlyForDeploymentPostprocessing = 0;
		};
/* End PBXSourcesBuildPhase section */

/* Begin PBXTargetDependency section */
		294391B62340993B003D6123 /* PBXTargetDependency */ = {
			isa = PBXTargetDependency;
			target = 2943919F2340993A003D6123 /* memeMe */;
			targetProxy = 294391B52340993B003D6123 /* PBXContainerItemProxy */;
		};
		294391C12340993C003D6123 /* PBXTargetDependency */ = {
			isa = PBXTargetDependency;
			target = 2943919F2340993A003D6123 /* memeMe */;
			targetProxy = 294391C02340993C003D6123 /* PBXContainerItemProxy */;
		};
/* End PBXTargetDependency section */

/* Begin PBXVariantGroup section */
		294391A72340993A003D6123 /* Main.storyboard */ = {
			isa = PBXVariantGroup;
			children = (
				294391A82340993A003D6123 /* Base */,
			);
			name = Main.storyboard;
			sourceTree = "<group>";
		};
		294391AC2340993B003D6123 /* LaunchScreen.storyboard */ = {
			isa = PBXVariantGroup;
			children = (
				294391AD2340993B003D6123 /* Base */,
			);
			name = LaunchScreen.storyboard;
			sourceTree = "<group>";
		};
/* End PBXVariantGroup section */

/* Begin XCBuildConfiguration section */
		294391C62340993C003D6123 /* Debug */ = {
			isa = XCBuildConfiguration;
			buildSettings = {
				ALWAYS_SEARCH_USER_PATHS = NO;
				CLANG_ANALYZER_NONNULL = YES;
				CLANG_ANALYZER_NUMBER_OBJECT_CONVERSION = YES_AGGRESSIVE;
				CLANG_CXX_LANGUAGE_STANDARD = "gnu++14";
				CLANG_CXX_LIBRARY = "libc++";
				CLANG_ENABLE_MODULES = YES;
				CLANG_ENABLE_OBJC_ARC = YES;
				CLANG_ENABLE_OBJC_WEAK = YES;
				CLANG_WARN_BLOCK_CAPTURE_AUTORELEASING = YES;
				CLANG_WARN_BOOL_CONVERSION = YES;
				CLANG_WARN_COMMA = YES;
				CLANG_WARN_CONSTANT_CONVERSION = YES;
				CLANG_WARN_DEPRECATED_OBJC_IMPLEMENTATIONS = YES;
				CLANG_WARN_DIRECT_OBJC_ISA_USAGE = YES_ERROR;
				CLANG_WARN_DOCUMENTATION_COMMENTS = YES;
				CLANG_WARN_EMPTY_BODY = YES;
				CLANG_WARN_ENUM_CONVERSION = YES;
				CLANG_WARN_INFINITE_RECURSION = YES;
				CLANG_WARN_INT_CONVERSION = YES;
				CLANG_WARN_NON_LITERAL_NULL_CONVERSION = YES;
				CLANG_WARN_OBJC_IMPLICIT_RETAIN_SELF = YES;
				CLANG_WARN_OBJC_LITERAL_CONVERSION = YES;
				CLANG_WARN_OBJC_ROOT_CLASS = YES_ERROR;
				CLANG_WARN_RANGE_LOOP_ANALYSIS = YES;
				CLANG_WARN_STRICT_PROTOTYPES = YES;
				CLANG_WARN_SUSPICIOUS_MOVE = YES;
				CLANG_WARN_UNGUARDED_AVAILABILITY = YES_AGGRESSIVE;
				CLANG_WARN_UNREACHABLE_CODE = YES;
				CLANG_WARN__DUPLICATE_METHOD_MATCH = YES;
				CODE_SIGN_IDENTITY = "iPhone Developer";
				COPY_PHASE_STRIP = NO;
				DEBUG_INFORMATION_FORMAT = dwarf;
				ENABLE_STRICT_OBJC_MSGSEND = YES;
				ENABLE_TESTABILITY = YES;
				GCC_C_LANGUAGE_STANDARD = gnu11;
				GCC_DYNAMIC_NO_PIC = NO;
				GCC_NO_COMMON_BLOCKS = YES;
				GCC_OPTIMIZATION_LEVEL = 0;
				GCC_PREPROCESSOR_DEFINITIONS = (
					"DEBUG=1",
					"$(inherited)",
				);
				GCC_WARN_64_TO_32_BIT_CONVERSION = YES;
				GCC_WARN_ABOUT_RETURN_TYPE = YES_ERROR;
				GCC_WARN_UNDECLARED_SELECTOR = YES;
				GCC_WARN_UNINITIALIZED_AUTOS = YES_AGGRESSIVE;
				GCC_WARN_UNUSED_FUNCTION = YES;
				GCC_WARN_UNUSED_VARIABLE = YES;
				IPHONEOS_DEPLOYMENT_TARGET = 12.2;
				MTL_ENABLE_DEBUG_INFO = INCLUDE_SOURCE;
				MTL_FAST_MATH = YES;
				ONLY_ACTIVE_ARCH = YES;
				SDKROOT = iphoneos;
				SWIFT_ACTIVE_COMPILATION_CONDITIONS = DEBUG;
				SWIFT_OPTIMIZATION_LEVEL = "-Onone";
			};
			name = Debug;
		};
		294391C72340993C003D6123 /* Release */ = {
			isa = XCBuildConfiguration;
			buildSettings = {
				ALWAYS_SEARCH_USER_PATHS = NO;
				CLANG_ANALYZER_NONNULL = YES;
				CLANG_ANALYZER_NUMBER_OBJECT_CONVERSION = YES_AGGRESSIVE;
				CLANG_CXX_LANGUAGE_STANDARD = "gnu++14";
				CLANG_CXX_LIBRARY = "libc++";
				CLANG_ENABLE_MODULES = YES;
				CLANG_ENABLE_OBJC_ARC = YES;
				CLANG_ENABLE_OBJC_WEAK = YES;
				CLANG_WARN_BLOCK_CAPTURE_AUTORELEASING = YES;
				CLANG_WARN_BOOL_CONVERSION = YES;
				CLANG_WARN_COMMA = YES;
				CLANG_WARN_CONSTANT_CONVERSION = YES;
				CLANG_WARN_DEPRECATED_OBJC_IMPLEMENTATIONS = YES;
				CLANG_WARN_DIRECT_OBJC_ISA_USAGE = YES_ERROR;
				CLANG_WARN_DOCUMENTATION_COMMENTS = YES;
				CLANG_WARN_EMPTY_BODY = YES;
				CLANG_WARN_ENUM_CONVERSION = YES;
				CLANG_WARN_INFINITE_RECURSION = YES;
				CLANG_WARN_INT_CONVERSION = YES;
				CLANG_WARN_NON_LITERAL_NULL_CONVERSION = YES;
				CLANG_WARN_OBJC_IMPLICIT_RETAIN_SELF = YES;
				CLANG_WARN_OBJC_LITERAL_CONVERSION = YES;
				CLANG_WARN_OBJC_ROOT_CLASS = YES_ERROR;
				CLANG_WARN_RANGE_LOOP_ANALYSIS = YES;
				CLANG_WARN_STRICT_PROTOTYPES = YES;
				CLANG_WARN_SUSPICIOUS_MOVE = YES;
				CLANG_WARN_UNGUARDED_AVAILABILITY = YES_AGGRESSIVE;
				CLANG_WARN_UNREACHABLE_CODE = YES;
				CLANG_WARN__DUPLICATE_METHOD_MATCH = YES;
				CODE_SIGN_IDENTITY = "iPhone Developer";
				COPY_PHASE_STRIP = NO;
				DEBUG_INFORMATION_FORMAT = "dwarf-with-dsym";
				ENABLE_NS_ASSERTIONS = NO;
				ENABLE_STRICT_OBJC_MSGSEND = YES;
				GCC_C_LANGUAGE_STANDARD = gnu11;
				GCC_NO_COMMON_BLOCKS = YES;
				GCC_WARN_64_TO_32_BIT_CONVERSION = YES;
				GCC_WARN_ABOUT_RETURN_TYPE = YES_ERROR;
				GCC_WARN_UNDECLARED_SELECTOR = YES;
				GCC_WARN_UNINITIALIZED_AUTOS = YES_AGGRESSIVE;
				GCC_WARN_UNUSED_FUNCTION = YES;
				GCC_WARN_UNUSED_VARIABLE = YES;
				IPHONEOS_DEPLOYMENT_TARGET = 12.2;
				MTL_ENABLE_DEBUG_INFO = NO;
				MTL_FAST_MATH = YES;
				SDKROOT = iphoneos;
				SWIFT_COMPILATION_MODE = wholemodule;
				SWIFT_OPTIMIZATION_LEVEL = "-O";
				VALIDATE_PRODUCT = YES;
			};
			name = Release;
		};
		294391C92340993C003D6123 /* Debug */ = {
			isa = XCBuildConfiguration;
			buildSettings = {
				ASSETCATALOG_COMPILER_APPICON_NAME = AppIcon;
				CODE_SIGN_STYLE = Automatic;
				DEVELOPMENT_TEAM = AJSWR2TQ3R;
				INFOPLIST_FILE = memeMe/Info.plist;
				LD_RUNPATH_SEARCH_PATHS = (
					"$(inherited)",
					"@executable_path/Frameworks",
				);
				PRODUCT_BUNDLE_IDENTIFIER = Raw.memeMe;
				PRODUCT_NAME = "$(TARGET_NAME)";
				SWIFT_VERSION = 5.0;
				TARGETED_DEVICE_FAMILY = "1,2";
			};
			name = Debug;
		};
		294391CA2340993C003D6123 /* Release */ = {
			isa = XCBuildConfiguration;
			buildSettings = {
				ASSETCATALOG_COMPILER_APPICON_NAME = AppIcon;
				CODE_SIGN_STYLE = Automatic;
				DEVELOPMENT_TEAM = AJSWR2TQ3R;
				INFOPLIST_FILE = memeMe/Info.plist;
				LD_RUNPATH_SEARCH_PATHS = (
					"$(inherited)",
					"@executable_path/Frameworks",
				);
				PRODUCT_BUNDLE_IDENTIFIER = Raw.memeMe;
				PRODUCT_NAME = "$(TARGET_NAME)";
				SWIFT_VERSION = 5.0;
				TARGETED_DEVICE_FAMILY = "1,2";
			};
			name = Release;
		};
		294391CC2340993C003D6123 /* Debug */ = {
			isa = XCBuildConfiguration;
			buildSettings = {
				ALWAYS_EMBED_SWIFT_STANDARD_LIBRARIES = YES;
				BUNDLE_LOADER = "$(TEST_HOST)";
				CODE_SIGN_STYLE = Automatic;
				DEVELOPMENT_TEAM = AJSWR2TQ3R;
				INFOPLIST_FILE = memeMeTests/Info.plist;
				LD_RUNPATH_SEARCH_PATHS = (
					"$(inherited)",
					"@executable_path/Frameworks",
					"@loader_path/Frameworks",
				);
				PRODUCT_BUNDLE_IDENTIFIER = Raw.memeMeTests;
				PRODUCT_NAME = "$(TARGET_NAME)";
				SWIFT_VERSION = 5.0;
				TARGETED_DEVICE_FAMILY = "1,2";
				TEST_HOST = "$(BUILT_PRODUCTS_DIR)/memeMe.app/memeMe";
			};
			name = Debug;
		};
		294391CD2340993C003D6123 /* Release */ = {
			isa = XCBuildConfiguration;
			buildSettings = {
				ALWAYS_EMBED_SWIFT_STANDARD_LIBRARIES = YES;
				BUNDLE_LOADER = "$(TEST_HOST)";
				CODE_SIGN_STYLE = Automatic;
				DEVELOPMENT_TEAM = AJSWR2TQ3R;
				INFOPLIST_FILE = memeMeTests/Info.plist;
				LD_RUNPATH_SEARCH_PATHS = (
					"$(inherited)",
					"@executable_path/Frameworks",
					"@loader_path/Frameworks",
				);
				PRODUCT_BUNDLE_IDENTIFIER = Raw.memeMeTests;
				PRODUCT_NAME = "$(TARGET_NAME)";
				SWIFT_VERSION = 5.0;
				TARGETED_DEVICE_FAMILY = "1,2";
				TEST_HOST = "$(BUILT_PRODUCTS_DIR)/memeMe.app/memeMe";
			};
			name = Release;
		};
		294391CF2340993C003D6123 /* Debug */ = {
			isa = XCBuildConfiguration;
			buildSettings = {
				ALWAYS_EMBED_SWIFT_STANDARD_LIBRARIES = YES;
				CODE_SIGN_STYLE = Automatic;
				DEVELOPMENT_TEAM = AJSWR2TQ3R;
				INFOPLIST_FILE = memeMeUITests/Info.plist;
				LD_RUNPATH_SEARCH_PATHS = (
					"$(inherited)",
					"@executable_path/Frameworks",
					"@loader_path/Frameworks",
				);
				PRODUCT_BUNDLE_IDENTIFIER = Raw.memeMeUITests;
				PRODUCT_NAME = "$(TARGET_NAME)";
				SWIFT_VERSION = 5.0;
				TARGETED_DEVICE_FAMILY = "1,2";
				TEST_TARGET_NAME = memeMe;
			};
			name = Debug;
		};
		294391D02340993C003D6123 /* Release */ = {
			isa = XCBuildConfiguration;
			buildSettings = {
				ALWAYS_EMBED_SWIFT_STANDARD_LIBRARIES = YES;
				CODE_SIGN_STYLE = Automatic;
				DEVELOPMENT_TEAM = AJSWR2TQ3R;
				INFOPLIST_FILE = memeMeUITests/Info.plist;
				LD_RUNPATH_SEARCH_PATHS = (
					"$(inherited)",
					"@executable_path/Frameworks",
					"@loader_path/Frameworks",
				);
				PRODUCT_BUNDLE_IDENTIFIER = Raw.memeMeUITests;
				PRODUCT_NAME = "$(TARGET_NAME)";
				SWIFT_VERSION = 5.0;
				TARGETED_DEVICE_FAMILY = "1,2";
				TEST_TARGET_NAME = memeMe;
			};
			name = Release;
		};
/* End XCBuildConfiguration section */

/* Begin XCConfigurationList section */
		2943919B2340993A003D6123 /* Build configuration list for PBXProject "memeMe" */ = {
			isa = XCConfigurationList;
			buildConfigurations = (
				294391C62340993C003D6123 /* Debug */,
				294391C72340993C003D6123 /* Release */,
			);
			defaultConfigurationIsVisible = 0;
			defaultConfigurationName = Release;
		};
		294391C82340993C003D6123 /* Build configuration list for PBXNativeTarget "memeMe" */ = {
			isa = XCConfigurationList;
			buildConfigurations = (
				294391C92340993C003D6123 /* Debug */,
				294391CA2340993C003D6123 /* Release */,
			);
			defaultConfigurationIsVisible = 0;
			defaultConfigurationName = Release;
		};
		294391CB2340993C003D6123 /* Build configuration list for PBXNativeTarget "memeMeTests" */ = {
			isa = XCConfigurationList;
			buildConfigurations = (
				294391CC2340993C003D6123 /* Debug */,
				294391CD2340993C003D6123 /* Release */,
			);
			defaultConfigurationIsVisible = 0;
			defaultConfigurationName = Release;
		};
		294391CE2340993C003D6123 /* Build configuration list for PBXNativeTarget "memeMeUITests" */ = {
			isa = XCConfigurationList;
			buildConfigurations = (
				294391CF2340993C003D6123 /* Debug */,
				294391D02340993C003D6123 /* Release */,
			);
			defaultConfigurationIsVisible = 0;
			defaultConfigurationName = Release;
		};
/* End XCConfigurationList section */
	};
	rootObject = 294391982340993A003D6123 /* Project object */;
}
